# This file is automatically @generated by Cargo.
# It is not intended for manual editing.
version = 4

[[package]]
name = "getopts"
version = "0.2.23"
source = "registry+https://github.com/rust-lang/crates.io-index"
checksum = "cba6ae63eb948698e300f645f87c70f76630d505f23b8907cf1e193ee85048c1"
dependencies = [
 "unicode-width",
]

[[package]]
name = "unicode-width"
version = "0.2.1"
source = "registry+https://github.com/rust-lang/crates.io-index"
checksum = "4a1a07cc7db3810833284e8d372ccdc6da29741639ecc70c9ec107df0fa6154c"

[[package]]
name = "wc-rs"
version = "0.1.0"
dependencies = [
 "getopts",
]
